{
  "version": 4,
  "terraform_version": "1.1.3",
  "serial": 57,
  "lineage": "349b47d4-f5e8-db6d-60d5-fc98c423a960",
  "outputs": {
    "master_ip": {
      "value": "10.0.1.6",
      "type": "string"
    },
    "worker_ips": {
      "value": [
        "10.0.1.26",
        "10.0.1.10",
        "10.0.1.23",
        "10.0.1.28"
      ],
      "type": [
        "tuple",
        [
          "string",
          "string",
          "string",
          "string"
        ]
      ]
    }
  },
  "resources": [
    {
      "mode": "managed",
      "type": "yandex_compute_instance",
      "name": "master",
      "provider": "provider[\"registry.terraform.io/yandex-cloud/yandex\"]",
      "instances": [
        {
          "schema_version": 1,
          "attributes": {
            "allow_recreate": null,
            "allow_stopping_for_update": null,
            "boot_disk": [
              {
                "auto_delete": true,
                "device_name": "fhmfheu2buh7u38hg3hs",
                "disk_id": "fhmfheu2buh7u38hg3hs",
                "initialize_params": [
                  {
                    "block_size": 4096,
                    "description": "",
                    "image_id": "fd81hgrcv6lsnkremf32",
                    "name": "",
                    "size": 3,
                    "snapshot_id": "",
                    "type": "network-hdd"
                  }
                ],
                "mode": "READ_WRITE"
              }
            ],
            "created_at": "2023-06-19T05:27:42Z",
            "description": "",
            "filesystem": [],
            "folder_id": "b1ggthdvv3nparichh2u",
            "fqdn": "fhm4211hq0rpafrg9gai.auto.internal",
            "gpu_cluster_id": "",
            "hostname": "",
            "id": "fhm4211hq0rpafrg9gai",
            "labels": null,
            "local_disk": [],
            "metadata": {
              "ssh-keys": "ubuntu:ssh-rsa AAAAB3NzaC1yc2EAAAADAQABAAABgQDg22wWC02W8zfWxl+1uyIg993puRWePjUNfYhftTi/b1rQ3hCLpP719HcuKEr8wq3wiHkTtuu3psei7nvgAarvdxR8H8gJRIyIV003P4MVMY1MfkGVlopkLzIOIYKZWPT1A2JEi6IMTIgZ2ZhtA/czzexbmTSDVkIWzTEqIbwwwVdeP+dVsWdRF2YbnIqIQyQYuxEtN9VIV+AkKGvQYYcTpz5n04+I+REZutFgiZcpsWQNFNgqdX7B6ShWQnyMqumvBcaO/TAHkni2Ye6y+VC++4VPCNaf4J0G2Za7sQzhl/68f5YwCMETNVxyY7vZEVrKglwmVbGROoOMMLPehdAgpMPPLOvUqI/1D02i505E2+DV0KYvR5bNAXSHQ/FuSGk8eZNeb7kajDE4kbyUnov8KcJ3lTdXkKTB7KpDJkKXDCE0LsKUzvyvrUyRKud3R+x53+ApcKG9IErYhHJgNrJP1TQuTWNVGCV3QJU+Qed2ueN0eJ+00rxXCrVHhv3T8Ak= vagrant@vagrant\n"
            },
            "metadata_options": [
              {
                "aws_v1_http_endpoint": 1,
                "aws_v1_http_token": 2,
                "gce_http_endpoint": 1,
                "gce_http_token": 1
              }
            ],
            "name": "master",
            "network_acceleration_type": "standard",
            "network_interface": [
              {
                "dns_record": [],
                "index": 0,
                "ip_address": "10.0.1.6",
                "ipv4": true,
                "ipv6": false,
                "ipv6_address": "",
                "ipv6_dns_record": [],
                "mac_address": "d0:0d:41:04:31:d0",
                "nat": false,
                "nat_dns_record": [],
                "nat_ip_address": "",
                "nat_ip_version": "",
                "security_group_ids": [],
                "subnet_id": "e9bjuus67vcr88a2lkqt"
              }
            ],
            "placement_policy": [
              {
                "host_affinity_rules": [],
                "placement_group_id": ""
              }
            ],
            "platform_id": "standard-v1",
            "resources": [
              {
                "core_fraction": 100,
                "cores": 2,
                "gpus": 0,
                "memory": 4
              }
            ],
            "scheduling_policy": [
              {
                "preemptible": false
              }
            ],
            "secondary_disk": [],
            "service_account_id": "",
            "status": "running",
            "timeouts": null,
            "zone": "ru-central1-a"
          },
          "sensitive_attributes": [],
          "private": "eyJlMmJmYjczMC1lY2FhLTExZTYtOGY4OC0zNDM2M2JjN2M0YzAiOnsiY3JlYXRlIjozMDAwMDAwMDAwMDAsImRlbGV0ZSI6MzAwMDAwMDAwMDAwLCJ1cGRhdGUiOjMwMDAwMDAwMDAwMH0sInNjaGVtYV92ZXJzaW9uIjoiMSJ9"
        }
      ]
    },
    {
      "mode": "managed",
      "type": "yandex_compute_instance",
      "name": "worker",
      "provider": "provider[\"registry.terraform.io/yandex-cloud/yandex\"]",
      "instances": [
        {
          "index_key": 0,
          "schema_version": 1,
          "attributes": {
            "allow_recreate": null,
            "allow_stopping_for_update": null,
            "boot_disk": [
              {
                "auto_delete": true,
                "device_name": "fhmmo58g6db5kg5cp184",
                "disk_id": "fhmmo58g6db5kg5cp184",
                "initialize_params": [
                  {
                    "block_size": 4096,
                    "description": "",
                    "image_id": "fd81hgrcv6lsnkremf32",
                    "name": "",
                    "size": 3,
                    "snapshot_id": "",
                    "type": "network-hdd"
                  }
                ],
                "mode": "READ_WRITE"
              }
            ],
            "created_at": "2023-06-19T05:27:42Z",
            "description": "",
            "filesystem": [],
            "folder_id": "b1ggthdvv3nparichh2u",
            "fqdn": "fhmsb4ep5ge5as9dgl67.auto.internal",
            "gpu_cluster_id": "",
            "hostname": "",
            "id": "fhmsb4ep5ge5as9dgl67",
            "labels": null,
            "local_disk": [],
            "metadata": {
              "ssh-keys": "ubuntu:ssh-rsa AAAAB3NzaC1yc2EAAAADAQABAAABgQDg22wWC02W8zfWxl+1uyIg993puRWePjUNfYhftTi/b1rQ3hCLpP719HcuKEr8wq3wiHkTtuu3psei7nvgAarvdxR8H8gJRIyIV003P4MVMY1MfkGVlopkLzIOIYKZWPT1A2JEi6IMTIgZ2ZhtA/czzexbmTSDVkIWzTEqIbwwwVdeP+dVsWdRF2YbnIqIQyQYuxEtN9VIV+AkKGvQYYcTpz5n04+I+REZutFgiZcpsWQNFNgqdX7B6ShWQnyMqumvBcaO/TAHkni2Ye6y+VC++4VPCNaf4J0G2Za7sQzhl/68f5YwCMETNVxyY7vZEVrKglwmVbGROoOMMLPehdAgpMPPLOvUqI/1D02i505E2+DV0KYvR5bNAXSHQ/FuSGk8eZNeb7kajDE4kbyUnov8KcJ3lTdXkKTB7KpDJkKXDCE0LsKUzvyvrUyRKud3R+x53+ApcKG9IErYhHJgNrJP1TQuTWNVGCV3QJU+Qed2ueN0eJ+00rxXCrVHhv3T8Ak= vagrant@vagrant\n"
            },
            "metadata_options": [
              {
                "aws_v1_http_endpoint": 1,
                "aws_v1_http_token": 2,
                "gce_http_endpoint": 1,
                "gce_http_token": 1
              }
            ],
            "name": "worker-0",
            "network_acceleration_type": "standard",
            "network_interface": [
              {
                "dns_record": [],
                "index": 0,
                "ip_address": "10.0.1.26",
                "ipv4": true,
                "ipv6": false,
                "ipv6_address": "",
                "ipv6_dns_record": [],
                "mac_address": "d0:0d:1c:59:1d:92",
                "nat": false,
                "nat_dns_record": [],
                "nat_ip_address": "",
                "nat_ip_version": "",
                "security_group_ids": [],
                "subnet_id": "e9bjuus67vcr88a2lkqt"
              }
            ],
            "placement_policy": [
              {
                "host_affinity_rules": [],
                "placement_group_id": ""
              }
            ],
            "platform_id": "standard-v1",
            "resources": [
              {
                "core_fraction": 100,
                "cores": 2,
                "gpus": 0,
                "memory": 4
              }
            ],
            "scheduling_policy": [
              {
                "preemptible": false
              }
            ],
            "secondary_disk": [],
            "service_account_id": "",
            "status": "running",
            "timeouts": null,
            "zone": "ru-central1-a"
          },
          "sensitive_attributes": [],
          "private": "eyJlMmJmYjczMC1lY2FhLTExZTYtOGY4OC0zNDM2M2JjN2M0YzAiOnsiY3JlYXRlIjozMDAwMDAwMDAwMDAsImRlbGV0ZSI6MzAwMDAwMDAwMDAwLCJ1cGRhdGUiOjMwMDAwMDAwMDAwMH0sInNjaGVtYV92ZXJzaW9uIjoiMSJ9"
        },
        {
          "index_key": 1,
          "schema_version": 1,
          "attributes": {
            "allow_recreate": null,
            "allow_stopping_for_update": null,
            "boot_disk": [
              {
                "auto_delete": true,
                "device_name": "fhm180eq256gjqu66shp",
                "disk_id": "fhm180eq256gjqu66shp",
                "initialize_params": [
                  {
                    "block_size": 4096,
                    "description": "",
                    "image_id": "fd81hgrcv6lsnkremf32",
                    "name": "",
                    "size": 3,
                    "snapshot_id": "",
                    "type": "network-hdd"
                  }
                ],
                "mode": "READ_WRITE"
              }
            ],
            "created_at": "2023-06-19T05:27:42Z",
            "description": "",
            "filesystem": [],
            "folder_id": "b1ggthdvv3nparichh2u",
            "fqdn": "fhme5gh45ojdrcdchrou.auto.internal",
            "gpu_cluster_id": "",
            "hostname": "",
            "id": "fhme5gh45ojdrcdchrou",
            "labels": null,
            "local_disk": [],
            "metadata": {
              "ssh-keys": "ubuntu:ssh-rsa AAAAB3NzaC1yc2EAAAADAQABAAABgQDg22wWC02W8zfWxl+1uyIg993puRWePjUNfYhftTi/b1rQ3hCLpP719HcuKEr8wq3wiHkTtuu3psei7nvgAarvdxR8H8gJRIyIV003P4MVMY1MfkGVlopkLzIOIYKZWPT1A2JEi6IMTIgZ2ZhtA/czzexbmTSDVkIWzTEqIbwwwVdeP+dVsWdRF2YbnIqIQyQYuxEtN9VIV+AkKGvQYYcTpz5n04+I+REZutFgiZcpsWQNFNgqdX7B6ShWQnyMqumvBcaO/TAHkni2Ye6y+VC++4VPCNaf4J0G2Za7sQzhl/68f5YwCMETNVxyY7vZEVrKglwmVbGROoOMMLPehdAgpMPPLOvUqI/1D02i505E2+DV0KYvR5bNAXSHQ/FuSGk8eZNeb7kajDE4kbyUnov8KcJ3lTdXkKTB7KpDJkKXDCE0LsKUzvyvrUyRKud3R+x53+ApcKG9IErYhHJgNrJP1TQuTWNVGCV3QJU+Qed2ueN0eJ+00rxXCrVHhv3T8Ak= vagrant@vagrant\n"
            },
            "metadata_options": [
              {
                "aws_v1_http_endpoint": 1,
                "aws_v1_http_token": 2,
                "gce_http_endpoint": 1,
                "gce_http_token": 1
              }
            ],
            "name": "worker-1",
            "network_acceleration_type": "standard",
            "network_interface": [
              {
                "dns_record": [],
                "index": 0,
                "ip_address": "10.0.1.10",
                "ipv4": true,
                "ipv6": false,
                "ipv6_address": "",
                "ipv6_dns_record": [],
                "mac_address": "d0:0d:e2:c2:24:2e",
                "nat": false,
                "nat_dns_record": [],
                "nat_ip_address": "",
                "nat_ip_version": "",
                "security_group_ids": [],
                "subnet_id": "e9bjuus67vcr88a2lkqt"
              }
            ],
            "placement_policy": [
              {
                "host_affinity_rules": [],
                "placement_group_id": ""
              }
            ],
            "platform_id": "standard-v1",
            "resources": [
              {
                "core_fraction": 100,
                "cores": 2,
                "gpus": 0,
                "memory": 4
              }
            ],
            "scheduling_policy": [
              {
                "preemptible": false
              }
            ],
            "secondary_disk": [],
            "service_account_id": "",
            "status": "running",
            "timeouts": null,
            "zone": "ru-central1-a"
          },
          "sensitive_attributes": [],
          "private": "eyJlMmJmYjczMC1lY2FhLTExZTYtOGY4OC0zNDM2M2JjN2M0YzAiOnsiY3JlYXRlIjozMDAwMDAwMDAwMDAsImRlbGV0ZSI6MzAwMDAwMDAwMDAwLCJ1cGRhdGUiOjMwMDAwMDAwMDAwMH0sInNjaGVtYV92ZXJzaW9uIjoiMSJ9"
        },
        {
          "index_key": 2,
          "schema_version": 1,
          "attributes": {
            "allow_recreate": null,
            "allow_stopping_for_update": null,
            "boot_disk": [
              {
                "auto_delete": true,
                "device_name": "fhm23gnfd8u3dg7ccmrq",
                "disk_id": "fhm23gnfd8u3dg7ccmrq",
                "initialize_params": [
                  {
                    "block_size": 4096,
                    "description": "",
                    "image_id": "fd81hgrcv6lsnkremf32",
                    "name": "",
                    "size": 3,
                    "snapshot_id": "",
                    "type": "network-hdd"
                  }
                ],
                "mode": "READ_WRITE"
              }
            ],
            "created_at": "2023-06-19T05:27:42Z",
            "description": "",
            "filesystem": [],
            "folder_id": "b1ggthdvv3nparichh2u",
            "fqdn": "fhmopthdeiamff79l9kk.auto.internal",
            "gpu_cluster_id": "",
            "hostname": "",
            "id": "fhmopthdeiamff79l9kk",
            "labels": null,
            "local_disk": [],
            "metadata": {
              "ssh-keys": "ubuntu:ssh-rsa AAAAB3NzaC1yc2EAAAADAQABAAABgQDg22wWC02W8zfWxl+1uyIg993puRWePjUNfYhftTi/b1rQ3hCLpP719HcuKEr8wq3wiHkTtuu3psei7nvgAarvdxR8H8gJRIyIV003P4MVMY1MfkGVlopkLzIOIYKZWPT1A2JEi6IMTIgZ2ZhtA/czzexbmTSDVkIWzTEqIbwwwVdeP+dVsWdRF2YbnIqIQyQYuxEtN9VIV+AkKGvQYYcTpz5n04+I+REZutFgiZcpsWQNFNgqdX7B6ShWQnyMqumvBcaO/TAHkni2Ye6y+VC++4VPCNaf4J0G2Za7sQzhl/68f5YwCMETNVxyY7vZEVrKglwmVbGROoOMMLPehdAgpMPPLOvUqI/1D02i505E2+DV0KYvR5bNAXSHQ/FuSGk8eZNeb7kajDE4kbyUnov8KcJ3lTdXkKTB7KpDJkKXDCE0LsKUzvyvrUyRKud3R+x53+ApcKG9IErYhHJgNrJP1TQuTWNVGCV3QJU+Qed2ueN0eJ+00rxXCrVHhv3T8Ak= vagrant@vagrant\n"
            },
            "metadata_options": [
              {
                "aws_v1_http_endpoint": 1,
                "aws_v1_http_token": 2,
                "gce_http_endpoint": 1,
                "gce_http_token": 1
              }
            ],
            "name": "worker-2",
            "network_acceleration_type": "standard",
            "network_interface": [
              {
                "dns_record": [],
                "index": 0,
                "ip_address": "10.0.1.23",
                "ipv4": true,
                "ipv6": false,
                "ipv6_address": "",
                "ipv6_dns_record": [],
                "mac_address": "d0:0d:18:cf:62:d7",
                "nat": false,
                "nat_dns_record": [],
                "nat_ip_address": "",
                "nat_ip_version": "",
                "security_group_ids": [],
                "subnet_id": "e9bjuus67vcr88a2lkqt"
              }
            ],
            "placement_policy": [
              {
                "host_affinity_rules": [],
                "placement_group_id": ""
              }
            ],
            "platform_id": "standard-v1",
            "resources": [
              {
                "core_fraction": 100,
                "cores": 2,
                "gpus": 0,
                "memory": 4
              }
            ],
            "scheduling_policy": [
              {
                "preemptible": false
              }
            ],
            "secondary_disk": [],
            "service_account_id": "",
            "status": "running",
            "timeouts": null,
            "zone": "ru-central1-a"
          },
          "sensitive_attributes": [],
          "private": "eyJlMmJmYjczMC1lY2FhLTExZTYtOGY4OC0zNDM2M2JjN2M0YzAiOnsiY3JlYXRlIjozMDAwMDAwMDAwMDAsImRlbGV0ZSI6MzAwMDAwMDAwMDAwLCJ1cGRhdGUiOjMwMDAwMDAwMDAwMH0sInNjaGVtYV92ZXJzaW9uIjoiMSJ9"
        },
        {
          "index_key": 3,
          "schema_version": 1,
          "attributes": {
            "allow_recreate": null,
            "allow_stopping_for_update": null,
            "boot_disk": [
              {
                "auto_delete": true,
                "device_name": "fhmlb62o96o3hk9vudkp",
                "disk_id": "fhmlb62o96o3hk9vudkp",
                "initialize_params": [
                  {
                    "block_size": 4096,
                    "description": "",
                    "image_id": "fd81hgrcv6lsnkremf32",
                    "name": "",
                    "size": 3,
                    "snapshot_id": "",
                    "type": "network-hdd"
                  }
                ],
                "mode": "READ_WRITE"
              }
            ],
            "created_at": "2023-06-19T05:27:42Z",
            "description": "",
            "filesystem": [],
            "folder_id": "b1ggthdvv3nparichh2u",
            "fqdn": "fhm5tat5qpoka6ge1je7.auto.internal",
            "gpu_cluster_id": "",
            "hostname": "",
            "id": "fhm5tat5qpoka6ge1je7",
            "labels": null,
            "local_disk": [],
            "metadata": {
              "ssh-keys": "ubuntu:ssh-rsa AAAAB3NzaC1yc2EAAAADAQABAAABgQDg22wWC02W8zfWxl+1uyIg993puRWePjUNfYhftTi/b1rQ3hCLpP719HcuKEr8wq3wiHkTtuu3psei7nvgAarvdxR8H8gJRIyIV003P4MVMY1MfkGVlopkLzIOIYKZWPT1A2JEi6IMTIgZ2ZhtA/czzexbmTSDVkIWzTEqIbwwwVdeP+dVsWdRF2YbnIqIQyQYuxEtN9VIV+AkKGvQYYcTpz5n04+I+REZutFgiZcpsWQNFNgqdX7B6ShWQnyMqumvBcaO/TAHkni2Ye6y+VC++4VPCNaf4J0G2Za7sQzhl/68f5YwCMETNVxyY7vZEVrKglwmVbGROoOMMLPehdAgpMPPLOvUqI/1D02i505E2+DV0KYvR5bNAXSHQ/FuSGk8eZNeb7kajDE4kbyUnov8KcJ3lTdXkKTB7KpDJkKXDCE0LsKUzvyvrUyRKud3R+x53+ApcKG9IErYhHJgNrJP1TQuTWNVGCV3QJU+Qed2ueN0eJ+00rxXCrVHhv3T8Ak= vagrant@vagrant\n"
            },
            "metadata_options": [
              {
                "aws_v1_http_endpoint": 1,
                "aws_v1_http_token": 2,
                "gce_http_endpoint": 1,
                "gce_http_token": 1
              }
            ],
            "name": "worker-3",
            "network_acceleration_type": "standard",
            "network_interface": [
              {
                "dns_record": [],
                "index": 0,
                "ip_address": "10.0.1.28",
                "ipv4": true,
                "ipv6": false,
                "ipv6_address": "",
                "ipv6_dns_record": [],
                "mac_address": "d0:0d:5e:ab:a5:d6",
                "nat": false,
                "nat_dns_record": [],
                "nat_ip_address": "",
                "nat_ip_version": "",
                "security_group_ids": [],
                "subnet_id": "e9bjuus67vcr88a2lkqt"
              }
            ],
            "placement_policy": [
              {
                "host_affinity_rules": [],
                "placement_group_id": ""
              }
            ],
            "platform_id": "standard-v1",
            "resources": [
              {
                "core_fraction": 100,
                "cores": 2,
                "gpus": 0,
                "memory": 4
              }
            ],
            "scheduling_policy": [
              {
                "preemptible": false
              }
            ],
            "secondary_disk": [],
            "service_account_id": "",
            "status": "running",
            "timeouts": null,
            "zone": "ru-central1-a"
          },
          "sensitive_attributes": [],
          "private": "eyJlMmJmYjczMC1lY2FhLTExZTYtOGY4OC0zNDM2M2JjN2M0YzAiOnsiY3JlYXRlIjozMDAwMDAwMDAwMDAsImRlbGV0ZSI6MzAwMDAwMDAwMDAwLCJ1cGRhdGUiOjMwMDAwMDAwMDAwMH0sInNjaGVtYV92ZXJzaW9uIjoiMSJ9"
        }
      ]
    },
    {
      "mode": "managed",
      "type": "yandex_vpc_network",
      "name": "network",
      "provider": "provider[\"registry.terraform.io/yandex-cloud/yandex\"]",
      "instances": [
        {
          "schema_version": 0,
          "attributes": {
            "created_at": "2023-06-18T11:57:56Z",
            "default_security_group_id": "",
            "description": "",
            "folder_id": "b1ggthdvv3nparichh2u",
            "id": "enp32mkvhi6jnhs81v34",
            "labels": {},
            "name": "network",
            "subnet_ids": [
              "e9bjuus67vcr88a2lkqt"
            ],
            "timeouts": null
          },
          "sensitive_attributes": [],
          "private": "eyJlMmJmYjczMC1lY2FhLTExZTYtOGY4OC0zNDM2M2JjN2M0YzAiOnsiY3JlYXRlIjo2MDAwMDAwMDAwMCwiZGVsZXRlIjo2MDAwMDAwMDAwMCwidXBkYXRlIjo2MDAwMDAwMDAwMH19"
        }
      ]
    },
    {
      "mode": "managed",
      "type": "yandex_vpc_subnet",
      "name": "subnet",
      "provider": "provider[\"registry.terraform.io/yandex-cloud/yandex\"]",
      "instances": [
        {
          "schema_version": 0,
          "attributes": {
            "created_at": "2023-06-18T11:57:57Z",
            "description": "",
            "dhcp_options": [],
            "folder_id": "b1ggthdvv3nparichh2u",
            "id": "e9bjuus67vcr88a2lkqt",
            "labels": {},
            "name": "subnet",
            "network_id": "enp32mkvhi6jnhs81v34",
            "route_table_id": "",
            "timeouts": null,
            "v4_cidr_blocks": [
              "10.0.1.0/24"
            ],
            "v6_cidr_blocks": [],
            "zone": "ru-central1-a"
          },
          "sensitive_attributes": [],
          "private": "eyJlMmJmYjczMC1lY2FhLTExZTYtOGY4OC0zNDM2M2JjN2M0YzAiOnsiY3JlYXRlIjoxODAwMDAwMDAwMDAsImRlbGV0ZSI6MTgwMDAwMDAwMDAwLCJ1cGRhdGUiOjE4MDAwMDAwMDAwMH19",
          "dependencies": [
            "yandex_vpc_network.network"
          ]
        }
      ]
    }
  ]
}
